
Microsoft Visual Studio Solution File, Format Version 12.00
# Visual Studio Version 17
VisualStudioVersion = 17.7.34003.232
MinimumVisualStudioVersion = 10.0.40219.1
Project("{9A19103F-16F7-4668-BE54-9A1E7A4F7556}") = "HelloWPF", "HelloWPF\HelloWPF.csproj", "{DB7D4EA0-C3FE-49D7-8C33-D592BB399711}"
EndProject
Project("{9A19103F-16F7-4668-BE54-9A1E7A4F7556}") = "ch2 Label", "ch2 Label\ch2 Label.csproj", "{AFE4FD92-2FA0-4AF1-81A2-FD287DC2E89B}"
EndProject
Project("{9A19103F-16F7-4668-BE54-9A1E7A4F7556}") = "ch3 텍스트블럭", "ch3 텍스트블럭\ch3 텍스트블럭.csproj", "{A41CAFEF-C247-4447-87EF-1A868FC4F0E1}"
EndProject
Project("{9A19103F-16F7-4668-BE54-9A1E7A4F7556}") = "Ch4 버튼", "Ch4 버튼\Ch4 버튼.csproj", "{73CDEAF9-5B4F-4239-A284-33F53E5EF735}"
EndProject
Project("{9A19103F-16F7-4668-BE54-9A1E7A4F7556}") = "ch5 텍스트박스", "ch5 텍스트박스\ch5 텍스트박스.csproj", "{8BDA90C3-F6D1-4EB2-ACF3-4B644CA17AEF}"
EndProject
Project("{9A19103F-16F7-4668-BE54-9A1E7A4F7556}") = "ch6 패스워드박스", "ch6 패스워드박스\ch6 패스워드박스.csproj", "{64885776-BAAB-464B-881F-AE17C92D84F1}"
EndProject
Project("{9A19103F-16F7-4668-BE54-9A1E7A4F7556}") = "ch7 이미지", "ch7 이미지\ch7 이미지.csproj", "{99A875D1-BC03-457C-B05B-3D45AC1A395C}"
EndProject
Project("{9A19103F-16F7-4668-BE54-9A1E7A4F7556}") = "ch8 체크박스", "ch8 체크박스\ch8 체크박스.csproj", "{6F66C08D-FA37-4D4A-B0B7-C6A6EF5DC755}"
EndProject
Project("{9A19103F-16F7-4668-BE54-9A1E7A4F7556}") = "ch9 라디오버튼", "ch9 라디오버튼\ch9 라디오버튼.csproj", "{F0E2DC36-9E02-4DB9-852E-D8DC666940C2}"
EndProject
Project("{9A19103F-16F7-4668-BE54-9A1E7A4F7556}") = "ch10 캘린더", "ch10 캘린더\ch10 캘린더.csproj", "{7C389F65-DB86-40EB-9D5F-B00E16BA5F32}"
EndProject
Project("{9A19103F-16F7-4668-BE54-9A1E7A4F7556}") = "ch11 데이트피커", "ch11 데이트피커\ch11 데이트피커.csproj", "{978251D9-3FB7-47A1-83AA-CC51B2806307}"
EndProject
Project("{9A19103F-16F7-4668-BE54-9A1E7A4F7556}") = "ch12 슬라이더", "ch12 슬라이더\ch12 슬라이더.csproj", "{FECEF569-F48D-4C7C-8BCC-5D2CF5EA3F2E}"
EndProject
Project("{9A19103F-16F7-4668-BE54-9A1E7A4F7556}") = "ch13 익스팬더", "ch13 익스팬더\ch13 익스팬더.csproj", "{D3F56F03-8D23-4629-93B8-D91172C7D639}"
EndProject
Project("{9A19103F-16F7-4668-BE54-9A1E7A4F7556}") = "ch14 스택패널", "ch14 스택패널\ch14 스택패널.csproj", "{02FDBA9C-9A56-4DDF-8F20-66A271C34881}"
EndProject
Project("{9A19103F-16F7-4668-BE54-9A1E7A4F7556}") = "ch15 랩패널", "ch15 랩패널\ch15 랩패널.csproj", "{BA608989-01D7-45F8-8E1A-7BAA5A54723E}"
EndProject
Project("{9A19103F-16F7-4668-BE54-9A1E7A4F7556}") = "ch16 독패널", "ch16 독패널\ch16 독패널.csproj", "{83DD3BB0-EDE7-4EBD-A952-592BCBC22136}"
EndProject
Project("{9A19103F-16F7-4668-BE54-9A1E7A4F7556}") = "ch17 그리드", "ch17 그리드\ch17 그리드.csproj", "{38E1C299-4C59-47FC-A5FE-BD92314EE45C}"
EndProject
Project("{9A19103F-16F7-4668-BE54-9A1E7A4F7556}") = "ch18 유니폼그리드", "ch18 유니폼그리드\ch18 유니폼그리드.csproj", "{5A92A2C5-3AD4-415A-9504-424FE182F0DB}"
EndProject
Project("{9A19103F-16F7-4668-BE54-9A1E7A4F7556}") = "ch19 캔버스", "ch19 캔버스\ch19 캔버스.csproj", "{28DCAB06-3424-4D59-AFD0-828C60079608}"
EndProject
Project("{9A19103F-16F7-4668-BE54-9A1E7A4F7556}") = "ch20 프로그레스바", "ch20 프로그레스바\ch20 프로그레스바.csproj", "{3D91AE42-EA08-43E4-A9AD-F7E82242DA6E}"
EndProject
Project("{9A19103F-16F7-4668-BE54-9A1E7A4F7556}") = "ch21 statusbar", "ch21 statusbar\ch21 statusbar.csproj", "{D65E6723-E943-4BDF-B6D3-A55B3A48A23E}"
EndProject
Project("{9A19103F-16F7-4668-BE54-9A1E7A4F7556}") = "ch22 툴바", "ch22 툴바\ch22 툴바.csproj", "{826DD015-AEEE-4737-AD59-D0AE907D65E8}"
EndProject
Project("{9A19103F-16F7-4668-BE54-9A1E7A4F7556}") = "ch23 메뉴", "ch23 메뉴\ch23 메뉴.csproj", "{08AA0F0F-26D9-4AC9-94EF-43DE87B9C975}"
EndProject
Project("{9A19103F-16F7-4668-BE54-9A1E7A4F7556}") = "ch24 컨텍스트메뉴", "ch24 컨텍스트메뉴\ch24 컨텍스트메뉴.csproj", "{BA12A488-9142-48F8-AB6E-4100C9FBAEB6}"
EndProject
Project("{9A19103F-16F7-4668-BE54-9A1E7A4F7556}") = "ch25 데이터바인딩1", "ch25 데이터바인딩1\ch25 데이터바인딩1.csproj", "{36B84667-E995-4839-A658-E6BEEB5F00F1}"
EndProject
Project("{9A19103F-16F7-4668-BE54-9A1E7A4F7556}") = "ch26 데이터바인딩2", "ch26 데이터바인딩2\ch26 데이터바인딩2.csproj", "{0DE4C71C-9D15-4C11-BBA1-286FD1ED2936}"
EndProject
Project("{9A19103F-16F7-4668-BE54-9A1E7A4F7556}") = "ch27 데이터바인딩3 리스트박스 리스트뷰", "ch27 데이터바인딩3 리스트박스 리스트뷰\ch27 데이터바인딩3 리스트박스 리스트뷰.csproj", "{99C6F447-91F7-4A32-9A23-29722838692E}"
EndProject
Project("{9A19103F-16F7-4668-BE54-9A1E7A4F7556}") = "ch28 영어단어맞추기", "ch28 영어단어맞추기\ch28 영어단어맞추기.csproj", "{6A839EE2-A73F-44E9-A47A-E859DE60F9F2}"
EndProject
Project("{9A19103F-16F7-4668-BE54-9A1E7A4F7556}") = "ch29 화면이동 프레임", "ch28 화면이동 프레임\ch29 화면이동 프레임.csproj", "{79ED40AC-CBC0-478E-8EB9-8254E028A605}"
EndProject
Project("{9A19103F-16F7-4668-BE54-9A1E7A4F7556}") = "ch30 탭컨트롤 모달 모달리스", "ch30 탭컨트롤 모달 모달리스\ch30 탭컨트롤 모달 모달리스.csproj", "{3FBF6701-5AD0-4A75-B5DC-98A4DA86585A}"
EndProject
Project("{9A19103F-16F7-4668-BE54-9A1E7A4F7556}") = "ch31 유저컨트롤", "ch31 유저컨트롤\ch31 유저컨트롤.csproj", "{DEEA3FC8-F096-477B-A889-B5D216F54407}"
EndProject
Project("{9A19103F-16F7-4668-BE54-9A1E7A4F7556}") = "ch32 스타일", "ch32 스타일\ch32 스타일.csproj", "{D0875EE7-0977-40F9-93BB-46D8E715915D}"
EndProject
Project("{FAE04EC0-301F-11D3-BF4B-00C04F79EFBC}") = "ch33 애니메이션", "ch33 애니메이션\ch33 애니메이션.csproj", "{E47B85A6-59AC-4B02-9BFC-C52B9929E27B}"
EndProject
Project("{FAE04EC0-301F-11D3-BF4B-00C04F79EFBC}") = "ch34 MVVM", "ch34 MVVM\ch34 MVVM.csproj", "{28BD3C5E-4371-437D-88FA-5EF656F90F9D}"
EndProject
Project("{FAE04EC0-301F-11D3-BF4B-00C04F79EFBC}") = "ch35 MariaDB연동", "ch35 MariaDB연동\ch35 MariaDB연동.csproj", "{7C655549-82A0-4538-98D3-53C82F9D2485}"
EndProject
Global
	GlobalSection(SolutionConfigurationPlatforms) = preSolution
		Debug|Any CPU = Debug|Any CPU
		Release|Any CPU = Release|Any CPU
	EndGlobalSection
	GlobalSection(ProjectConfigurationPlatforms) = postSolution
		{DB7D4EA0-C3FE-49D7-8C33-D592BB399711}.Debug|Any CPU.ActiveCfg = Debug|Any CPU
		{DB7D4EA0-C3FE-49D7-8C33-D592BB399711}.Debug|Any CPU.Build.0 = Debug|Any CPU
		{DB7D4EA0-C3FE-49D7-8C33-D592BB399711}.Release|Any CPU.ActiveCfg = Release|Any CPU
		{DB7D4EA0-C3FE-49D7-8C33-D592BB399711}.Release|Any CPU.Build.0 = Release|Any CPU
		{AFE4FD92-2FA0-4AF1-81A2-FD287DC2E89B}.Debug|Any CPU.ActiveCfg = Debug|Any CPU
		{AFE4FD92-2FA0-4AF1-81A2-FD287DC2E89B}.Debug|Any CPU.Build.0 = Debug|Any CPU
		{AFE4FD92-2FA0-4AF1-81A2-FD287DC2E89B}.Release|Any CPU.ActiveCfg = Release|Any CPU
		{AFE4FD92-2FA0-4AF1-81A2-FD287DC2E89B}.Release|Any CPU.Build.0 = Release|Any CPU
		{A41CAFEF-C247-4447-87EF-1A868FC4F0E1}.Debug|Any CPU.ActiveCfg = Debug|Any CPU
		{A41CAFEF-C247-4447-87EF-1A868FC4F0E1}.Debug|Any CPU.Build.0 = Debug|Any CPU
		{A41CAFEF-C247-4447-87EF-1A868FC4F0E1}.Release|Any CPU.ActiveCfg = Release|Any CPU
		{A41CAFEF-C247-4447-87EF-1A868FC4F0E1}.Release|Any CPU.Build.0 = Release|Any CPU
		{73CDEAF9-5B4F-4239-A284-33F53E5EF735}.Debug|Any CPU.ActiveCfg = Debug|Any CPU
		{73CDEAF9-5B4F-4239-A284-33F53E5EF735}.Debug|Any CPU.Build.0 = Debug|Any CPU
		{73CDEAF9-5B4F-4239-A284-33F53E5EF735}.Release|Any CPU.ActiveCfg = Release|Any CPU
		{73CDEAF9-5B4F-4239-A284-33F53E5EF735}.Release|Any CPU.Build.0 = Release|Any CPU
		{8BDA90C3-F6D1-4EB2-ACF3-4B644CA17AEF}.Debug|Any CPU.ActiveCfg = Debug|Any CPU
		{8BDA90C3-F6D1-4EB2-ACF3-4B644CA17AEF}.Debug|Any CPU.Build.0 = Debug|Any CPU
		{8BDA90C3-F6D1-4EB2-ACF3-4B644CA17AEF}.Release|Any CPU.ActiveCfg = Release|Any CPU
		{8BDA90C3-F6D1-4EB2-ACF3-4B644CA17AEF}.Release|Any CPU.Build.0 = Release|Any CPU
		{64885776-BAAB-464B-881F-AE17C92D84F1}.Debug|Any CPU.ActiveCfg = Debug|Any CPU
		{64885776-BAAB-464B-881F-AE17C92D84F1}.Debug|Any CPU.Build.0 = Debug|Any CPU
		{64885776-BAAB-464B-881F-AE17C92D84F1}.Release|Any CPU.ActiveCfg = Release|Any CPU
		{64885776-BAAB-464B-881F-AE17C92D84F1}.Release|Any CPU.Build.0 = Release|Any CPU
		{99A875D1-BC03-457C-B05B-3D45AC1A395C}.Debug|Any CPU.ActiveCfg = Debug|Any CPU
		{99A875D1-BC03-457C-B05B-3D45AC1A395C}.Debug|Any CPU.Build.0 = Debug|Any CPU
		{99A875D1-BC03-457C-B05B-3D45AC1A395C}.Release|Any CPU.ActiveCfg = Release|Any CPU
		{99A875D1-BC03-457C-B05B-3D45AC1A395C}.Release|Any CPU.Build.0 = Release|Any CPU
		{6F66C08D-FA37-4D4A-B0B7-C6A6EF5DC755}.Debug|Any CPU.ActiveCfg = Debug|Any CPU
		{6F66C08D-FA37-4D4A-B0B7-C6A6EF5DC755}.Debug|Any CPU.Build.0 = Debug|Any CPU
		{6F66C08D-FA37-4D4A-B0B7-C6A6EF5DC755}.Release|Any CPU.ActiveCfg = Release|Any CPU
		{6F66C08D-FA37-4D4A-B0B7-C6A6EF5DC755}.Release|Any CPU.Build.0 = Release|Any CPU
		{F0E2DC36-9E02-4DB9-852E-D8DC666940C2}.Debug|Any CPU.ActiveCfg = Debug|Any CPU
		{F0E2DC36-9E02-4DB9-852E-D8DC666940C2}.Debug|Any CPU.Build.0 = Debug|Any CPU
		{F0E2DC36-9E02-4DB9-852E-D8DC666940C2}.Release|Any CPU.ActiveCfg = Release|Any CPU
		{F0E2DC36-9E02-4DB9-852E-D8DC666940C2}.Release|Any CPU.Build.0 = Release|Any CPU
		{7C389F65-DB86-40EB-9D5F-B00E16BA5F32}.Debug|Any CPU.ActiveCfg = Debug|Any CPU
		{7C389F65-DB86-40EB-9D5F-B00E16BA5F32}.Debug|Any CPU.Build.0 = Debug|Any CPU
		{7C389F65-DB86-40EB-9D5F-B00E16BA5F32}.Release|Any CPU.ActiveCfg = Release|Any CPU
		{7C389F65-DB86-40EB-9D5F-B00E16BA5F32}.Release|Any CPU.Build.0 = Release|Any CPU
		{978251D9-3FB7-47A1-83AA-CC51B2806307}.Debug|Any CPU.ActiveCfg = Debug|Any CPU
		{978251D9-3FB7-47A1-83AA-CC51B2806307}.Debug|Any CPU.Build.0 = Debug|Any CPU
		{978251D9-3FB7-47A1-83AA-CC51B2806307}.Release|Any CPU.ActiveCfg = Release|Any CPU
		{978251D9-3FB7-47A1-83AA-CC51B2806307}.Release|Any CPU.Build.0 = Release|Any CPU
		{FECEF569-F48D-4C7C-8BCC-5D2CF5EA3F2E}.Debug|Any CPU.ActiveCfg = Debug|Any CPU
		{FECEF569-F48D-4C7C-8BCC-5D2CF5EA3F2E}.Debug|Any CPU.Build.0 = Debug|Any CPU
		{FECEF569-F48D-4C7C-8BCC-5D2CF5EA3F2E}.Release|Any CPU.ActiveCfg = Release|Any CPU
		{FECEF569-F48D-4C7C-8BCC-5D2CF5EA3F2E}.Release|Any CPU.Build.0 = Release|Any CPU
		{D3F56F03-8D23-4629-93B8-D91172C7D639}.Debug|Any CPU.ActiveCfg = Debug|Any CPU
		{D3F56F03-8D23-4629-93B8-D91172C7D639}.Debug|Any CPU.Build.0 = Debug|Any CPU
		{D3F56F03-8D23-4629-93B8-D91172C7D639}.Release|Any CPU.ActiveCfg = Release|Any CPU
		{D3F56F03-8D23-4629-93B8-D91172C7D639}.Release|Any CPU.Build.0 = Release|Any CPU
		{02FDBA9C-9A56-4DDF-8F20-66A271C34881}.Debug|Any CPU.ActiveCfg = Debug|Any CPU
		{02FDBA9C-9A56-4DDF-8F20-66A271C34881}.Debug|Any CPU.Build.0 = Debug|Any CPU
		{02FDBA9C-9A56-4DDF-8F20-66A271C34881}.Release|Any CPU.ActiveCfg = Release|Any CPU
		{02FDBA9C-9A56-4DDF-8F20-66A271C34881}.Release|Any CPU.Build.0 = Release|Any CPU
		{BA608989-01D7-45F8-8E1A-7BAA5A54723E}.Debug|Any CPU.ActiveCfg = Debug|Any CPU
		{BA608989-01D7-45F8-8E1A-7BAA5A54723E}.Debug|Any CPU.Build.0 = Debug|Any CPU
		{BA608989-01D7-45F8-8E1A-7BAA5A54723E}.Release|Any CPU.ActiveCfg = Release|Any CPU
		{BA608989-01D7-45F8-8E1A-7BAA5A54723E}.Release|Any CPU.Build.0 = Release|Any CPU
		{83DD3BB0-EDE7-4EBD-A952-592BCBC22136}.Debug|Any CPU.ActiveCfg = Debug|Any CPU
		{83DD3BB0-EDE7-4EBD-A952-592BCBC22136}.Debug|Any CPU.Build.0 = Debug|Any CPU
		{83DD3BB0-EDE7-4EBD-A952-592BCBC22136}.Release|Any CPU.ActiveCfg = Release|Any CPU
		{83DD3BB0-EDE7-4EBD-A952-592BCBC22136}.Release|Any CPU.Build.0 = Release|Any CPU
		{38E1C299-4C59-47FC-A5FE-BD92314EE45C}.Debug|Any CPU.ActiveCfg = Debug|Any CPU
		{38E1C299-4C59-47FC-A5FE-BD92314EE45C}.Debug|Any CPU.Build.0 = Debug|Any CPU
		{38E1C299-4C59-47FC-A5FE-BD92314EE45C}.Release|Any CPU.ActiveCfg = Release|Any CPU
		{38E1C299-4C59-47FC-A5FE-BD92314EE45C}.Release|Any CPU.Build.0 = Release|Any CPU
		{5A92A2C5-3AD4-415A-9504-424FE182F0DB}.Debug|Any CPU.ActiveCfg = Debug|Any CPU
		{5A92A2C5-3AD4-415A-9504-424FE182F0DB}.Debug|Any CPU.Build.0 = Debug|Any CPU
		{5A92A2C5-3AD4-415A-9504-424FE182F0DB}.Release|Any CPU.ActiveCfg = Release|Any CPU
		{5A92A2C5-3AD4-415A-9504-424FE182F0DB}.Release|Any CPU.Build.0 = Release|Any CPU
		{28DCAB06-3424-4D59-AFD0-828C60079608}.Debug|Any CPU.ActiveCfg = Debug|Any CPU
		{28DCAB06-3424-4D59-AFD0-828C60079608}.Debug|Any CPU.Build.0 = Debug|Any CPU
		{28DCAB06-3424-4D59-AFD0-828C60079608}.Release|Any CPU.ActiveCfg = Release|Any CPU
		{28DCAB06-3424-4D59-AFD0-828C60079608}.Release|Any CPU.Build.0 = Release|Any CPU
		{3D91AE42-EA08-43E4-A9AD-F7E82242DA6E}.Debug|Any CPU.ActiveCfg = Debug|Any CPU
		{3D91AE42-EA08-43E4-A9AD-F7E82242DA6E}.Debug|Any CPU.Build.0 = Debug|Any CPU
		{3D91AE42-EA08-43E4-A9AD-F7E82242DA6E}.Release|Any CPU.ActiveCfg = Release|Any CPU
		{3D91AE42-EA08-43E4-A9AD-F7E82242DA6E}.Release|Any CPU.Build.0 = Release|Any CPU
		{D65E6723-E943-4BDF-B6D3-A55B3A48A23E}.Debug|Any CPU.ActiveCfg = Debug|Any CPU
		{D65E6723-E943-4BDF-B6D3-A55B3A48A23E}.Debug|Any CPU.Build.0 = Debug|Any CPU
		{D65E6723-E943-4BDF-B6D3-A55B3A48A23E}.Release|Any CPU.ActiveCfg = Release|Any CPU
		{D65E6723-E943-4BDF-B6D3-A55B3A48A23E}.Release|Any CPU.Build.0 = Release|Any CPU
		{826DD015-AEEE-4737-AD59-D0AE907D65E8}.Debug|Any CPU.ActiveCfg = Debug|Any CPU
		{826DD015-AEEE-4737-AD59-D0AE907D65E8}.Debug|Any CPU.Build.0 = Debug|Any CPU
		{826DD015-AEEE-4737-AD59-D0AE907D65E8}.Release|Any CPU.ActiveCfg = Release|Any CPU
		{826DD015-AEEE-4737-AD59-D0AE907D65E8}.Release|Any CPU.Build.0 = Release|Any CPU
		{08AA0F0F-26D9-4AC9-94EF-43DE87B9C975}.Debug|Any CPU.ActiveCfg = Debug|Any CPU
		{08AA0F0F-26D9-4AC9-94EF-43DE87B9C975}.Debug|Any CPU.Build.0 = Debug|Any CPU
		{08AA0F0F-26D9-4AC9-94EF-43DE87B9C975}.Release|Any CPU.ActiveCfg = Release|Any CPU
		{08AA0F0F-26D9-4AC9-94EF-43DE87B9C975}.Release|Any CPU.Build.0 = Release|Any CPU
		{BA12A488-9142-48F8-AB6E-4100C9FBAEB6}.Debug|Any CPU.ActiveCfg = Debug|Any CPU
		{BA12A488-9142-48F8-AB6E-4100C9FBAEB6}.Debug|Any CPU.Build.0 = Debug|Any CPU
		{BA12A488-9142-48F8-AB6E-4100C9FBAEB6}.Release|Any CPU.ActiveCfg = Release|Any CPU
		{BA12A488-9142-48F8-AB6E-4100C9FBAEB6}.Release|Any CPU.Build.0 = Release|Any CPU
		{36B84667-E995-4839-A658-E6BEEB5F00F1}.Debug|Any CPU.ActiveCfg = Debug|Any CPU
		{36B84667-E995-4839-A658-E6BEEB5F00F1}.Debug|Any CPU.Build.0 = Debug|Any CPU
		{36B84667-E995-4839-A658-E6BEEB5F00F1}.Release|Any CPU.ActiveCfg = Release|Any CPU
		{36B84667-E995-4839-A658-E6BEEB5F00F1}.Release|Any CPU.Build.0 = Release|Any CPU
		{0DE4C71C-9D15-4C11-BBA1-286FD1ED2936}.Debug|Any CPU.ActiveCfg = Debug|Any CPU
		{0DE4C71C-9D15-4C11-BBA1-286FD1ED2936}.Debug|Any CPU.Build.0 = Debug|Any CPU
		{0DE4C71C-9D15-4C11-BBA1-286FD1ED2936}.Release|Any CPU.ActiveCfg = Release|Any CPU
		{0DE4C71C-9D15-4C11-BBA1-286FD1ED2936}.Release|Any CPU.Build.0 = Release|Any CPU
		{99C6F447-91F7-4A32-9A23-29722838692E}.Debug|Any CPU.ActiveCfg = Debug|Any CPU
		{99C6F447-91F7-4A32-9A23-29722838692E}.Debug|Any CPU.Build.0 = Debug|Any CPU
		{99C6F447-91F7-4A32-9A23-29722838692E}.Release|Any CPU.ActiveCfg = Release|Any CPU
		{99C6F447-91F7-4A32-9A23-29722838692E}.Release|Any CPU.Build.0 = Release|Any CPU
		{6A839EE2-A73F-44E9-A47A-E859DE60F9F2}.Debug|Any CPU.ActiveCfg = Debug|Any CPU
		{6A839EE2-A73F-44E9-A47A-E859DE60F9F2}.Debug|Any CPU.Build.0 = Debug|Any CPU
		{6A839EE2-A73F-44E9-A47A-E859DE60F9F2}.Release|Any CPU.ActiveCfg = Release|Any CPU
		{6A839EE2-A73F-44E9-A47A-E859DE60F9F2}.Release|Any CPU.Build.0 = Release|Any CPU
		{79ED40AC-CBC0-478E-8EB9-8254E028A605}.Debug|Any CPU.ActiveCfg = Debug|Any CPU
		{79ED40AC-CBC0-478E-8EB9-8254E028A605}.Debug|Any CPU.Build.0 = Debug|Any CPU
		{79ED40AC-CBC0-478E-8EB9-8254E028A605}.Release|Any CPU.ActiveCfg = Release|Any CPU
		{79ED40AC-CBC0-478E-8EB9-8254E028A605}.Release|Any CPU.Build.0 = Release|Any CPU
		{3FBF6701-5AD0-4A75-B5DC-98A4DA86585A}.Debug|Any CPU.ActiveCfg = Debug|Any CPU
		{3FBF6701-5AD0-4A75-B5DC-98A4DA86585A}.Debug|Any CPU.Build.0 = Debug|Any CPU
		{3FBF6701-5AD0-4A75-B5DC-98A4DA86585A}.Release|Any CPU.ActiveCfg = Release|Any CPU
		{3FBF6701-5AD0-4A75-B5DC-98A4DA86585A}.Release|Any CPU.Build.0 = Release|Any CPU
		{DEEA3FC8-F096-477B-A889-B5D216F54407}.Debug|Any CPU.ActiveCfg = Debug|Any CPU
		{DEEA3FC8-F096-477B-A889-B5D216F54407}.Debug|Any CPU.Build.0 = Debug|Any CPU
		{DEEA3FC8-F096-477B-A889-B5D216F54407}.Release|Any CPU.ActiveCfg = Release|Any CPU
		{DEEA3FC8-F096-477B-A889-B5D216F54407}.Release|Any CPU.Build.0 = Release|Any CPU
		{D0875EE7-0977-40F9-93BB-46D8E715915D}.Debug|Any CPU.ActiveCfg = Debug|Any CPU
		{D0875EE7-0977-40F9-93BB-46D8E715915D}.Debug|Any CPU.Build.0 = Debug|Any CPU
		{D0875EE7-0977-40F9-93BB-46D8E715915D}.Release|Any CPU.ActiveCfg = Release|Any CPU
		{D0875EE7-0977-40F9-93BB-46D8E715915D}.Release|Any CPU.Build.0 = Release|Any CPU
		{E47B85A6-59AC-4B02-9BFC-C52B9929E27B}.Debug|Any CPU.ActiveCfg = Debug|Any CPU
		{E47B85A6-59AC-4B02-9BFC-C52B9929E27B}.Debug|Any CPU.Build.0 = Debug|Any CPU
		{E47B85A6-59AC-4B02-9BFC-C52B9929E27B}.Release|Any CPU.ActiveCfg = Release|Any CPU
		{E47B85A6-59AC-4B02-9BFC-C52B9929E27B}.Release|Any CPU.Build.0 = Release|Any CPU
		{28BD3C5E-4371-437D-88FA-5EF656F90F9D}.Debug|Any CPU.ActiveCfg = Debug|Any CPU
		{28BD3C5E-4371-437D-88FA-5EF656F90F9D}.Debug|Any CPU.Build.0 = Debug|Any CPU
		{28BD3C5E-4371-437D-88FA-5EF656F90F9D}.Release|Any CPU.ActiveCfg = Release|Any CPU
		{28BD3C5E-4371-437D-88FA-5EF656F90F9D}.Release|Any CPU.Build.0 = Release|Any CPU
		{7C655549-82A0-4538-98D3-53C82F9D2485}.Debug|Any CPU.ActiveCfg = Debug|Any CPU
		{7C655549-82A0-4538-98D3-53C82F9D2485}.Debug|Any CPU.Build.0 = Debug|Any CPU
		{7C655549-82A0-4538-98D3-53C82F9D2485}.Release|Any CPU.ActiveCfg = Release|Any CPU
		{7C655549-82A0-4538-98D3-53C82F9D2485}.Release|Any CPU.Build.0 = Release|Any CPU
	EndGlobalSection
	GlobalSection(SolutionProperties) = preSolution
		HideSolutionNode = FALSE
	EndGlobalSection
	GlobalSection(ExtensibilityGlobals) = postSolution
		SolutionGuid = {7684C3E0-3889-4826-90A0-28D0F0E4A8E6}
	EndGlobalSection
EndGlobal
